// !$*UTF8*$!
{
	archiveVersion = 1;
	classes = {
	};
	objectVersion = 56;
	objects = {

/* Begin PBXBuildFile section */
		71F70BD52C47ED6900B86999 /* AppDelegate.swift in Sources */ = {isa = PBXBuildFile; fileRef = 71F70BD42C47ED6900B86999 /* AppDelegate.swift */; };
		71F70BD92C47ED6900B86999 /* ViewController.swift in Sources */ = {isa = PBXBuildFile; fileRef = 71F70BD82C47ED6900B86999 /* ViewController.swift */; };
		71F70BDE2C47ED6B00B86999 /* Assets.xcassets in Resources */ = {isa = PBXBuildFile; fileRef = 71F70BDD2C47ED6B00B86999 /* Assets.xcassets */; };
		71F70BE12C47ED6B00B86999 /* Base in Resources */ = {isa = PBXBuildFile; fileRef = 71F70BE02C47ED6B00B86999 /* Base */; };
		71F70BF22C47EF4D00B86999 /* CommonViewController.swift in Sources */ = {isa = PBXBuildFile; fileRef = 71F70BF12C47EF4D00B86999 /* CommonViewController.swift */; };
		71F70BF62C47F15C00B86999 /* CommonView.swift in Sources */ = {isa = PBXBuildFile; fileRef = 71F70BF52C47F15C00B86999 /* CommonView.swift */; };
		71F70BF82C47F60500B86999 /* CharactersListView.swift in Sources */ = {isa = PBXBuildFile; fileRef = 71F70BF72C47F60500B86999 /* CharactersListView.swift */; };
		71F70BFA2C47F68500B86999 /* CharactersListViewController.swift in Sources */ = {isa = PBXBuildFile; fileRef = 71F70BF92C47F68500B86999 /* CharactersListViewController.swift */; };
		71F70BFD2C47FC8A00B86999 /* NetworkService.swift in Sources */ = {isa = PBXBuildFile; fileRef = 71F70BFC2C47FC8A00B86999 /* NetworkService.swift */; };
		71F70C042C48016D00B86999 /* NetworkServiceImpl.swift in Sources */ = {isa = PBXBuildFile; fileRef = 71F70C032C48016D00B86999 /* NetworkServiceImpl.swift */; };
		D98AA64C9B302292E6964350 /* Pods_RickAndMortyForSurf.framework in Frameworks */ = {isa = PBXBuildFile; fileRef = 60B2CDD9D0B81EA503D65C3D /* Pods_RickAndMortyForSurf.framework */; };
/* End PBXBuildFile section */

/* Begin PBXFileReference section */
		1A06997353BC2EB19C4366A5 /* Pods-RickAndMortyForSurf.release.xcconfig */ = {isa = PBXFileReference; includeInIndex = 1; lastKnownFileType = text.xcconfig; name = "Pods-RickAndMortyForSurf.release.xcconfig"; path = "Target Support Files/Pods-RickAndMortyForSurf/Pods-RickAndMortyForSurf.release.xcconfig"; sourceTree = "<group>"; };
		2A928F6E75EDC4036F21085C /* Pods-RickAndMortyForSurf.debug.xcconfig */ = {isa = PBXFileReference; includeInIndex = 1; lastKnownFileType = text.xcconfig; name = "Pods-RickAndMortyForSurf.debug.xcconfig"; path = "Target Support Files/Pods-RickAndMortyForSurf/Pods-RickAndMortyForSurf.debug.xcconfig"; sourceTree = "<group>"; };
		60B2CDD9D0B81EA503D65C3D /* Pods_RickAndMortyForSurf.framework */ = {isa = PBXFileReference; explicitFileType = wrapper.framework; includeInIndex = 0; path = Pods_RickAndMortyForSurf.framework; sourceTree = BUILT_PRODUCTS_DIR; };
		71F70BD12C47ED6900B86999 /* RickAndMortyForSurf.app */ = {isa = PBXFileReference; explicitFileType = wrapper.application; includeInIndex = 0; path = RickAndMortyForSurf.app; sourceTree = BUILT_PRODUCTS_DIR; };
		71F70BD42C47ED6900B86999 /* AppDelegate.swift */ = {isa = PBXFileReference; lastKnownFileType = sourcecode.swift; path = AppDelegate.swift; sourceTree = "<group>"; };
		71F70BD82C47ED6900B86999 /* ViewController.swift */ = {isa = PBXFileReference; lastKnownFileType = sourcecode.swift; path = ViewController.swift; sourceTree = "<group>"; };
		71F70BDD2C47ED6B00B86999 /* Assets.xcassets */ = {isa = PBXFileReference; lastKnownFileType = folder.assetcatalog; path = Assets.xcassets; sourceTree = "<group>"; };
		71F70BE02C47ED6B00B86999 /* Base */ = {isa = PBXFileReference; lastKnownFileType = file.storyboard; name = Base; path = Base.lproj/LaunchScreen.storyboard; sourceTree = "<group>"; };
		71F70BE22C47ED6B00B86999 /* Info.plist */ = {isa = PBXFileReference; lastKnownFileType = text.plist.xml; path = Info.plist; sourceTree = "<group>"; };
		71F70BF12C47EF4D00B86999 /* CommonViewController.swift */ = {isa = PBXFileReference; lastKnownFileType = sourcecode.swift; path = CommonViewController.swift; sourceTree = "<group>"; };
		71F70BF52C47F15C00B86999 /* CommonView.swift */ = {isa = PBXFileReference; lastKnownFileType = sourcecode.swift; path = CommonView.swift; sourceTree = "<group>"; };
		71F70BF72C47F60500B86999 /* CharactersListView.swift */ = {isa = PBXFileReference; lastKnownFileType = sourcecode.swift; path = CharactersListView.swift; sourceTree = "<group>"; };
		71F70BF92C47F68500B86999 /* CharactersListViewController.swift */ = {isa = PBXFileReference; lastKnownFileType = sourcecode.swift; path = CharactersListViewController.swift; sourceTree = "<group>"; };
		71F70BFC2C47FC8A00B86999 /* NetworkService.swift */ = {isa = PBXFileReference; lastKnownFileType = sourcecode.swift; path = NetworkService.swift; sourceTree = "<group>"; };
		71F70C032C48016D00B86999 /* NetworkServiceImpl.swift */ = {isa = PBXFileReference; lastKnownFileType = sourcecode.swift; path = NetworkServiceImpl.swift; sourceTree = "<group>"; };
/* End PBXFileReference section */

/* Begin PBXFrameworksBuildPhase section */
		71F70BCE2C47ED6900B86999 /* Frameworks */ = {
			isa = PBXFrameworksBuildPhase;
			buildActionMask = 2147483647;
			files = (
				D98AA64C9B302292E6964350 /* Pods_RickAndMortyForSurf.framework in Frameworks */,
			);
			runOnlyForDeploymentPostprocessing = 0;
		};
/* End PBXFrameworksBuildPhase section */

/* Begin PBXGroup section */
		2ADA43C70664ACA460922E68 /* Pods */ = {
			isa = PBXGroup;
			children = (
				2A928F6E75EDC4036F21085C /* Pods-RickAndMortyForSurf.debug.xcconfig */,
				1A06997353BC2EB19C4366A5 /* Pods-RickAndMortyForSurf.release.xcconfig */,
			);
			path = Pods;
			sourceTree = "<group>";
		};
		71F70BC82C47ED6900B86999 = {
			isa = PBXGroup;
			children = (
				71F70BD32C47ED6900B86999 /* RickAndMortyForSurf */,
				71F70BD22C47ED6900B86999 /* Products */,
				2ADA43C70664ACA460922E68 /* Pods */,
				BB1F2DF7134CB85FDF233708 /* Frameworks */,
			);
			sourceTree = "<group>";
		};
		71F70BD22C47ED6900B86999 /* Products */ = {
			isa = PBXGroup;
			children = (
				71F70BD12C47ED6900B86999 /* RickAndMortyForSurf.app */,
			);
			name = Products;
			sourceTree = "<group>";
		};
		71F70BD32C47ED6900B86999 /* RickAndMortyForSurf */ = {
			isa = PBXGroup;
			children = (
				71F70BFB2C47FA2C00B86999 /* Networking */,
				71F70BF02C47EF4000B86999 /* Common */,
				71F70BEA2C47EEA000B86999 /* MainFlow */,
				71F70BE92C47EE2400B86999 /* Appearence */,
				71F70BD42C47ED6900B86999 /* AppDelegate.swift */,
				71F70BD82C47ED6900B86999 /* ViewController.swift */,
			);
			path = RickAndMortyForSurf;
			sourceTree = "<group>";
		};
		71F70BE92C47EE2400B86999 /* Appearence */ = {
			isa = PBXGroup;
			children = (
				71F70BDD2C47ED6B00B86999 /* Assets.xcassets */,
				71F70BDF2C47ED6B00B86999 /* LaunchScreen.storyboard */,
				71F70BE22C47ED6B00B86999 /* Info.plist */,
			);
			path = Appearence;
			sourceTree = "<group>";
		};
		71F70BEA2C47EEA000B86999 /* MainFlow */ = {
			isa = PBXGroup;
			children = (
				71F70BEB2C47EEAC00B86999 /* CharactersList */,
			);
			path = MainFlow;
			sourceTree = "<group>";
		};
		71F70BEB2C47EEAC00B86999 /* CharactersList */ = {
			isa = PBXGroup;
			children = (
				71F70BEF2C47EF3500B86999 /* Assembly */,
				71F70BEE2C47EEF300B86999 /* Router */,
				71F70BED2C47EEED00B86999 /* ViewModel */,
				71F70BEC2C47EEE300B86999 /* View */,
			);
			path = CharactersList;
			sourceTree = "<group>";
		};
		71F70BEC2C47EEE300B86999 /* View */ = {
			isa = PBXGroup;
			children = (
				71F70BF72C47F60500B86999 /* CharactersListView.swift */,
				71F70BF92C47F68500B86999 /* CharactersListViewController.swift */,
			);
			path = View;
			sourceTree = "<group>";
		};
		71F70BED2C47EEED00B86999 /* ViewModel */ = {
			isa = PBXGroup;
			children = (
			);
			path = ViewModel;
			sourceTree = "<group>";
		};
		71F70BEE2C47EEF300B86999 /* Router */ = {
			isa = PBXGroup;
			children = (
			);
			path = Router;
			sourceTree = "<group>";
		};
		71F70BEF2C47EF3500B86999 /* Assembly */ = {
			isa = PBXGroup;
			children = (
			);
			path = Assembly;
			sourceTree = "<group>";
		};
		71F70BF02C47EF4000B86999 /* Common */ = {
			isa = PBXGroup;
			children = (
				71F70BF12C47EF4D00B86999 /* CommonViewController.swift */,
				71F70BF52C47F15C00B86999 /* CommonView.swift */,
			);
			path = Common;
			sourceTree = "<group>";
		};
		71F70BFB2C47FA2C00B86999 /* Networking */ = {
			isa = PBXGroup;
			children = (
				71F70BFC2C47FC8A00B86999 /* NetworkService.swift */,
				71F70C032C48016D00B86999 /* NetworkServiceImpl.swift */,
			);
			path = Networking;
			sourceTree = "<group>";
		};
		BB1F2DF7134CB85FDF233708 /* Frameworks */ = {
			isa = PBXGroup;
			children = (
				60B2CDD9D0B81EA503D65C3D /* Pods_RickAndMortyForSurf.framework */,
			);
			name = Frameworks;
			sourceTree = "<group>";
		};
/* End PBXGroup section */

/* Begin PBXNativeTarget section */
		71F70BD02C47ED6900B86999 /* RickAndMortyForSurf */ = {
			isa = PBXNativeTarget;
			buildConfigurationList = 71F70BE52C47ED6B00B86999 /* Build configuration list for PBXNativeTarget "RickAndMortyForSurf" */;
			buildPhases = (
				1CDE188C12F020010F341BA5 /* [CP] Check Pods Manifest.lock */,
				71F70BCD2C47ED6900B86999 /* Sources */,
				71F70BCE2C47ED6900B86999 /* Frameworks */,
				71F70BCF2C47ED6900B86999 /* Resources */,
				3B64F1EA6AC7BB9FCA9035A2 /* [CP] Embed Pods Frameworks */,
			);
			buildRules = (
			);
			dependencies = (
			);
			name = RickAndMortyForSurf;
			productName = RickAndMortyForSurf;
			productReference = 71F70BD12C47ED6900B86999 /* RickAndMortyForSurf.app */;
			productType = "com.apple.product-type.application";
		};
/* End PBXNativeTarget section */

/* Begin PBXProject section */
		71F70BC92C47ED6900B86999 /* Project object */ = {
			isa = PBXProject;
			attributes = {
				BuildIndependentTargetsInParallel = 1;
				LastSwiftUpdateCheck = 1530;
				LastUpgradeCheck = 1530;
				TargetAttributes = {
					71F70BD02C47ED6900B86999 = {
						CreatedOnToolsVersion = 15.3;
					};
				};
			};
			buildConfigurationList = 71F70BCC2C47ED6900B86999 /* Build configuration list for PBXProject "RickAndMortyForSurf" */;
			compatibilityVersion = "Xcode 14.0";
			developmentRegion = en;
			hasScannedForEncodings = 0;
			knownRegions = (
				en,
				Base,
			);
			mainGroup = 71F70BC82C47ED6900B86999;
			productRefGroup = 71F70BD22C47ED6900B86999 /* Products */;
			projectDirPath = "";
			projectRoot = "";
			targets = (
				71F70BD02C47ED6900B86999 /* RickAndMortyForSurf */,
			);
		};
/* End PBXProject section */

/* Begin PBXResourcesBuildPhase section */
		71F70BCF2C47ED6900B86999 /* Resources */ = {
			isa = PBXResourcesBuildPhase;
			buildActionMask = 2147483647;
			files = (
				71F70BDE2C47ED6B00B86999 /* Assets.xcassets in Resources */,
				71F70BE12C47ED6B00B86999 /* Base in Resources */,
			);
			runOnlyForDeploymentPostprocessing = 0;
		};
/* End PBXResourcesBuildPhase section */

/* Begin PBXShellScriptBuildPhase section */
		1CDE188C12F020010F341BA5 /* [CP] Check Pods Manifest.lock */ = {
			isa = PBXShellScriptBuildPhase;
			buildActionMask = 2147483647;
			files = (
			);
			inputFileListPaths = (
			);
			inputPaths = (
				"${PODS_PODFILE_DIR_PATH}/Podfile.lock",
				"${PODS_ROOT}/Manifest.lock",
			);
			name = "[CP] Check Pods Manifest.lock";
			outputFileListPaths = (
			);
			outputPaths = (
				"$(DERIVED_FILE_DIR)/Pods-RickAndMortyForSurf-checkManifestLockResult.txt",
			);
			runOnlyForDeploymentPostprocessing = 0;
			shellPath = /bin/sh;
			shellScript = "diff \"${PODS_PODFILE_DIR_PATH}/Podfile.lock\" \"${PODS_ROOT}/Manifest.lock\" > /dev/null\nif [ $? != 0 ] ; then\n    # print error to STDERR\n    echo \"error: The sandbox is not in sync with the Podfile.lock. Run 'pod install' or update your CocoaPods installation.\" >&2\n    exit 1\nfi\n# This output is used by Xcode 'outputs' to avoid re-running this script phase.\necho \"SUCCESS\" > \"${SCRIPT_OUTPUT_FILE_0}\"\n";
			showEnvVarsInLog = 0;
		};
		3B64F1EA6AC7BB9FCA9035A2 /* [CP] Embed Pods Frameworks */ = {
			isa = PBXShellScriptBuildPhase;
			buildActionMask = 2147483647;
			files = (
			);
			inputFileListPaths = (
				"${PODS_ROOT}/Target Support Files/Pods-RickAndMortyForSurf/Pods-RickAndMortyForSurf-frameworks-${CONFIGURATION}-input-files.xcfilelist",
			);
			name = "[CP] Embed Pods Frameworks";
			outputFileListPaths = (
				"${PODS_ROOT}/Target Support Files/Pods-RickAndMortyForSurf/Pods-RickAndMortyForSurf-frameworks-${CONFIGURATION}-output-files.xcfilelist",
			);
			runOnlyForDeploymentPostprocessing = 0;
			shellPath = /bin/sh;
			shellScript = "\"${PODS_ROOT}/Target Support Files/Pods-RickAndMortyForSurf/Pods-RickAndMortyForSurf-frameworks.sh\"\n";
			showEnvVarsInLog = 0;
		};
/* End PBXShellScriptBuildPhase section */

/* Begin PBXSourcesBuildPhase section */
		71F70BCD2C47ED6900B86999 /* Sources */ = {
			isa = PBXSourcesBuildPhase;
			buildActionMask = 2147483647;
			files = (
				71F70BD92C47ED6900B86999 /* ViewController.swift in Sources */,
				71F70BF82C47F60500B86999 /* CharactersListView.swift in Sources */,
				71F70BFA2C47F68500B86999 /* CharactersListViewController.swift in Sources */,
				71F70BF22C47EF4D00B86999 /* CommonViewController.swift in Sources */,
				71F70BF62C47F15C00B86999 /* CommonView.swift in Sources */,
				71F70BD52C47ED6900B86999 /* AppDelegate.swift in Sources */,
				71F70BFD2C47FC8A00B86999 /* NetworkService.swift in Sources */,
				71F70C042C48016D00B86999 /* NetworkServiceImpl.swift in Sources */,
			);
			runOnlyForDeploymentPostprocessing = 0;
		};
/* End PBXSourcesBuildPhase section */

/* Begin PBXVariantGroup section */
		71F70BDF2C47ED6B00B86999 /* LaunchScreen.storyboard */ = {
			isa = PBXVariantGroup;
			children = (
				71F70BE02C47ED6B00B86999 /* Base */,
			);
			name = LaunchScreen.storyboard;
			sourceTree = "<group>";
		};
/* End PBXVariantGroup section */

/* Begin XCBuildConfiguration section */
		71F70BE32C47ED6B00B86999 /* Debug */ = {
			isa = XCBuildConfiguration;
			buildSettings = {
				ALWAYS_SEARCH_USER_PATHS = NO;
				ASSETCATALOG_COMPILER_GENERATE_SWIFT_ASSET_SYMBOL_EXTENSIONS = YES;
				CLANG_ANALYZER_NONNULL = YES;
				CLANG_ANALYZER_NUMBER_OBJECT_CONVERSION = YES_AGGRESSIVE;
				CLANG_CXX_LANGUAGE_STANDARD = "gnu++20";
				CLANG_ENABLE_MODULES = YES;
				CLANG_ENABLE_OBJC_ARC = YES;
				CLANG_ENABLE_OBJC_WEAK = YES;
				CLANG_WARN_BLOCK_CAPTURE_AUTORELEASING = YES;
				CLANG_WARN_BOOL_CONVERSION = YES;
				CLANG_WARN_COMMA = YES;
				CLANG_WARN_CONSTANT_CONVERSION = YES;
				CLANG_WARN_DEPRECATED_OBJC_IMPLEMENTATIONS = YES;
				CLANG_WARN_DIRECT_OBJC_ISA_USAGE = YES_ERROR;
				CLANG_WARN_DOCUMENTATION_COMMENTS = YES;
				CLANG_WARN_EMPTY_BODY = YES;
				CLANG_WARN_ENUM_CONVERSION = YES;
				CLANG_WARN_INFINITE_RECURSION = YES;
				CLANG_WARN_INT_CONVERSION = YES;
				CLANG_WARN_NON_LITERAL_NULL_CONVERSION = YES;
				CLANG_WARN_OBJC_IMPLICIT_RETAIN_SELF = YES;
				CLANG_WARN_OBJC_LITERAL_CONVERSION = YES;
				CLANG_WARN_OBJC_ROOT_CLASS = YES_ERROR;
				CLANG_WARN_QUOTED_INCLUDE_IN_FRAMEWORK_HEADER = YES;
				CLANG_WARN_RANGE_LOOP_ANALYSIS = YES;
				CLANG_WARN_STRICT_PROTOTYPES = YES;
				CLANG_WARN_SUSPICIOUS_MOVE = YES;
				CLANG_WARN_UNGUARDED_AVAILABILITY = YES_AGGRESSIVE;
				CLANG_WARN_UNREACHABLE_CODE = YES;
				CLANG_WARN__DUPLICATE_METHOD_MATCH = YES;
				COPY_PHASE_STRIP = NO;
				DEBUG_INFORMATION_FORMAT = dwarf;
				ENABLE_STRICT_OBJC_MSGSEND = YES;
				ENABLE_TESTABILITY = YES;
				ENABLE_USER_SCRIPT_SANDBOXING = NO;
				GCC_C_LANGUAGE_STANDARD = gnu17;
				GCC_DYNAMIC_NO_PIC = NO;
				GCC_NO_COMMON_BLOCKS = YES;
				GCC_OPTIMIZATION_LEVEL = 0;
				GCC_PREPROCESSOR_DEFINITIONS = (
					"DEBUG=1",
					"$(inherited)",
				);
				GCC_WARN_64_TO_32_BIT_CONVERSION = YES;
				GCC_WARN_ABOUT_RETURN_TYPE = YES_ERROR;
				GCC_WARN_UNDECLARED_SELECTOR = YES;
				GCC_WARN_UNINITIALIZED_AUTOS = YES_AGGRESSIVE;
				GCC_WARN_UNUSED_FUNCTION = YES;
				GCC_WARN_UNUSED_VARIABLE = YES;
				IPHONEOS_DEPLOYMENT_TARGET = 17.4;
				LOCALIZATION_PREFERS_STRING_CATALOGS = YES;
				MTL_ENABLE_DEBUG_INFO = INCLUDE_SOURCE;
				MTL_FAST_MATH = YES;
				ONLY_ACTIVE_ARCH = YES;
				SDKROOT = iphoneos;
				SWIFT_ACTIVE_COMPILATION_CONDITIONS = "DEBUG $(inherited)";
				SWIFT_OPTIMIZATION_LEVEL = "-Onone";
			};
			name = Debug;
		};
		71F70BE42C47ED6B00B86999 /* Release */ = {
			isa = XCBuildConfiguration;
			buildSettings = {
				ALWAYS_SEARCH_USER_PATHS = NO;
				ASSETCATALOG_COMPILER_GENERATE_SWIFT_ASSET_SYMBOL_EXTENSIONS = YES;
				CLANG_ANALYZER_NONNULL = YES;
				CLANG_ANALYZER_NUMBER_OBJECT_CONVERSION = YES_AGGRESSIVE;
				CLANG_CXX_LANGUAGE_STANDARD = "gnu++20";
				CLANG_ENABLE_MODULES = YES;
				CLANG_ENABLE_OBJC_ARC = YES;
				CLANG_ENABLE_OBJC_WEAK = YES;
				CLANG_WARN_BLOCK_CAPTURE_AUTORELEASING = YES;
				CLANG_WARN_BOOL_CONVERSION = YES;
				CLANG_WARN_COMMA = YES;
				CLANG_WARN_CONSTANT_CONVERSION = YES;
				CLANG_WARN_DEPRECATED_OBJC_IMPLEMENTATIONS = YES;
				CLANG_WARN_DIRECT_OBJC_ISA_USAGE = YES_ERROR;
				CLANG_WARN_DOCUMENTATION_COMMENTS = YES;
				CLANG_WARN_EMPTY_BODY = YES;
				CLANG_WARN_ENUM_CONVERSION = YES;
				CLANG_WARN_INFINITE_RECURSION = YES;
				CLANG_WARN_INT_CONVERSION = YES;
				CLANG_WARN_NON_LITERAL_NULL_CONVERSION = YES;
				CLANG_WARN_OBJC_IMPLICIT_RETAIN_SELF = YES;
				CLANG_WARN_OBJC_LITERAL_CONVERSION = YES;
				CLANG_WARN_OBJC_ROOT_CLASS = YES_ERROR;
				CLANG_WARN_QUOTED_INCLUDE_IN_FRAMEWORK_HEADER = YES;
				CLANG_WARN_RANGE_LOOP_ANALYSIS = YES;
				CLANG_WARN_STRICT_PROTOTYPES = YES;
				CLANG_WARN_SUSPICIOUS_MOVE = YES;
				CLANG_WARN_UNGUARDED_AVAILABILITY = YES_AGGRESSIVE;
				CLANG_WARN_UNREACHABLE_CODE = YES;
				CLANG_WARN__DUPLICATE_METHOD_MATCH = YES;
				COPY_PHASE_STRIP = NO;
				DEBUG_INFORMATION_FORMAT = "dwarf-with-dsym";
				ENABLE_NS_ASSERTIONS = NO;
				ENABLE_STRICT_OBJC_MSGSEND = YES;
				ENABLE_USER_SCRIPT_SANDBOXING = NO;
				GCC_C_LANGUAGE_STANDARD = gnu17;
				GCC_NO_COMMON_BLOCKS = YES;
				GCC_WARN_64_TO_32_BIT_CONVERSION = YES;
				GCC_WARN_ABOUT_RETURN_TYPE = YES_ERROR;
				GCC_WARN_UNDECLARED_SELECTOR = YES;
				GCC_WARN_UNINITIALIZED_AUTOS = YES_AGGRESSIVE;
				GCC_WARN_UNUSED_FUNCTION = YES;
				GCC_WARN_UNUSED_VARIABLE = YES;
				IPHONEOS_DEPLOYMENT_TARGET = 17.4;
				LOCALIZATION_PREFERS_STRING_CATALOGS = YES;
				MTL_ENABLE_DEBUG_INFO = NO;
				MTL_FAST_MATH = YES;
				SDKROOT = iphoneos;
				SWIFT_COMPILATION_MODE = wholemodule;
				VALIDATE_PRODUCT = YES;
			};
			name = Release;
		};
		71F70BE62C47ED6B00B86999 /* Debug */ = {
			isa = XCBuildConfiguration;
			baseConfigurationReference = 2A928F6E75EDC4036F21085C /* Pods-RickAndMortyForSurf.debug.xcconfig */;
			buildSettings = {
				ASSETCATALOG_COMPILER_APPICON_NAME = AppIcon;
				ASSETCATALOG_COMPILER_GLOBAL_ACCENT_COLOR_NAME = AccentColor;
				CODE_SIGN_STYLE = Automatic;
				CURRENT_PROJECT_VERSION = 1;
				DEVELOPMENT_TEAM = 3LNA9DKLNP;
				GENERATE_INFOPLIST_FILE = YES;
				INFOPLIST_FILE = RickAndMortyForSurf/Appearence/Info.plist;
				INFOPLIST_KEY_UIApplicationSupportsIndirectInputEvents = YES;
				INFOPLIST_KEY_UILaunchStoryboardName = LaunchScreen;
				INFOPLIST_KEY_UIStatusBarStyle = "";
				INFOPLIST_KEY_UISupportedInterfaceOrientations = UIInterfaceOrientationPortrait;
				INFOPLIST_KEY_UISupportedInterfaceOrientations_iPad = "UIInterfaceOrientationLandscapeLeft UIInterfaceOrientationLandscapeRight UIInterfaceOrientationPortrait UIInterfaceOrientationPortraitUpsideDown";
				LD_RUNPATH_SEARCH_PATHS = (
					"$(inherited)",
					"@executable_path/Frameworks",
				);
				MARKETING_VERSION = 1.0;
				PRODUCT_BUNDLE_IDENTIFIER = sergeykolesnikov.RickAndMortyForSurf;
				PRODUCT_NAME = "$(TARGET_NAME)";
				SUPPORTED_PLATFORMS = "iphoneos iphonesimulator";
				SUPPORTS_MACCATALYST = NO;
				SUPPORTS_MAC_DESIGNED_FOR_IPHONE_IPAD = NO;
				SUPPORTS_XR_DESIGNED_FOR_IPHONE_IPAD = NO;
				SWIFT_EMIT_LOC_STRINGS = YES;
				SWIFT_VERSION = 5.0;
				TARGETED_DEVICE_FAMILY = 1;
			};
			name = Debug;
		};
		71F70BE72C47ED6B00B86999 /* Release */ = {
			isa = XCBuildConfiguration;
			baseConfigurationReference = 1A06997353BC2EB19C4366A5 /* Pods-RickAndMortyForSurf.release.xcconfig */;
			buildSettings = {
				ASSETCATALOG_COMPILER_APPICON_NAME = AppIcon;
				ASSETCATALOG_COMPILER_GLOBAL_ACCENT_COLOR_NAME = AccentColor;
				CODE_SIGN_STYLE = Automatic;
				CURRENT_PROJECT_VERSION = 1;
				DEVELOPMENT_TEAM = 3LNA9DKLNP;
				GENERATE_INFOPLIST_FILE = YES;
				INFOPLIST_FILE = RickAndMortyForSurf/Appearence/Info.plist;
				INFOPLIST_KEY_UIApplicationSupportsIndirectInputEvents = YES;
				INFOPLIST_KEY_UILaunchStoryboardName = LaunchScreen;
				INFOPLIST_KEY_UIStatusBarStyle = "";
				INFOPLIST_KEY_UISupportedInterfaceOrientations = UIInterfaceOrientationPortrait;
				INFOPLIST_KEY_UISupportedInterfaceOrientations_iPad = "UIInterfaceOrientationLandscapeLeft UIInterfaceOrientationLandscapeRight UIInterfaceOrientationPortrait UIInterfaceOrientationPortraitUpsideDown";
				LD_RUNPATH_SEARCH_PATHS = (
					"$(inherited)",
					"@executable_path/Frameworks",
				);
				MARKETING_VERSION = 1.0;
				PRODUCT_BUNDLE_IDENTIFIER = sergeykolesnikov.RickAndMortyForSurf;
				PRODUCT_NAME = "$(TARGET_NAME)";
				SUPPORTED_PLATFORMS = "iphoneos iphonesimulator";
				SUPPORTS_MACCATALYST = NO;
				SUPPORTS_MAC_DESIGNED_FOR_IPHONE_IPAD = NO;
				SUPPORTS_XR_DESIGNED_FOR_IPHONE_IPAD = NO;
				SWIFT_EMIT_LOC_STRINGS = YES;
				SWIFT_VERSION = 5.0;
				TARGETED_DEVICE_FAMILY = 1;
			};
			name = Release;
		};
/* End XCBuildConfiguration section */

/* Begin XCConfigurationList section */
		71F70BCC2C47ED6900B86999 /* Build configuration list for PBXProject "RickAndMortyForSurf" */ = {
			isa = XCConfigurationList;
			buildConfigurations = (
				71F70BE32C47ED6B00B86999 /* Debug */,
				71F70BE42C47ED6B00B86999 /* Release */,
			);
			defaultConfigurationIsVisible = 0;
			defaultConfigurationName = Release;
		};
		71F70BE52C47ED6B00B86999 /* Build configuration list for PBXNativeTarget "RickAndMortyForSurf" */ = {
			isa = XCConfigurationList;
			buildConfigurations = (
				71F70BE62C47ED6B00B86999 /* Debug */,
				71F70BE72C47ED6B00B86999 /* Release */,
			);
			defaultConfigurationIsVisible = 0;
			defaultConfigurationName = Release;
		};
/* End XCConfigurationList section */
	};
	rootObject = 71F70BC92C47ED6900B86999 /* Project object */;
}
